{
  "name": "@ekilyhq/press-theme-catalog",
  "version": "0.0.0",
  "lockfileVersion": 3,
  "requires": true,
  "packages": {
    "": {
      "name": "@ekilyhq/press-theme-catalog",
      "version": "0.0.0",
      "dependencies": {
        "@ekilyhq/press-theme-contract": "3.4.130"
      },
      "engines": {
        "node": ">=22"
      }
    },
    "node_modules/@ekilyhq/press-theme-contract": {
      "version": "3.4.130",
      "resolved": "https://npm.pkg.github.com/download/@ekilyhq/press-theme-contract/3.4.130/52c7d26e7f9aaee14e41f556371d94d1892d8526",
      "integrity": "sha512-iCJ42EoSIJRkYey4s+GgBWSM5+2EeOpvUast3bg5k/oghhk7Ea2LZQztQ8eoQfwPfx7NE5Fnmkug67GiTftv6g==",
      "license": "UNLICENSED"
    }
  }
}
